// !$*UTF8*$!
{
	archiveVersion = 1;
	classes = {
	};
	objectVersion = 77;
	objects = {

/* Begin PBXBuildFile section */
		0037413BB842C55B7812098E /* PlistCodec.swift in Sources */ = {isa = PBXBuildFile; fileRef = 50AF4C2BB7ADC62733D6BDB2 /* PlistCodec.swift */; };
		005647DE93376A073A2CF372 /* SettingsView.swift in Sources */ = {isa = PBXBuildFile; fileRef = DEE74B0D99FE3AB41CC19A20 /* SettingsView.swift */; };
		00DC4E73A7918A5F5FA37CF4 /* ErrorAlertModifier.swift in Sources */ = {isa = PBXBuildFile; fileRef = 1FB245C685E8533B57325995 /* ErrorAlertModifier.swift */; };
		05B840F892AC0748E9AB57D1 /* FileSystemEngine+Convenience.swift in Sources */ = {isa = PBXBuildFile; fileRef = C62B4875BFC978514BF0A343 /* FileSystemEngine+Convenience.swift */; };
		0B0E4D9ABA01F6964E112D55 /* MobileProvisionView.swift in Sources */ = {isa = PBXBuildFile; fileRef = 43AC47B090BF9341EC8C03CA /* MobileProvisionView.swift */; };
		118F4A4AB23A869BC1471856 /* POSIXPermissions.swift in Sources */ = {isa = PBXBuildFile; fileRef = 757447108B6FE97FCE60570F /* POSIXPermissions.swift */; };
		12E94A9081BD69F5D27E7303 /* FileSortDescriptor.swift in Sources */ = {isa = PBXBuildFile; fileRef = 4AD64404B8D83CD465358E03 /* FileSortDescriptor.swift */; };
		13524D359B1728C47889CA2A /* FileSearchEngine.swift in Sources */ = {isa = PBXBuildFile; fileRef = AE8C4AE3B49D12D2916DD7BD /* FileSearchEngine.swift */; };
		136247C888BC729709FD0809 /* ShareSheetPresenter.swift in Sources */ = {isa = PBXBuildFile; fileRef = 7B4D423F81C42138624C2943 /* ShareSheetPresenter.swift */; };
		156C4E5C8FDAB44AA07BFE81 /* SandboxedFileSystemEngine.swift in Sources */ = {isa = PBXBuildFile; fileRef = E035490190121EDD04B11CD8 /* SandboxedFileSystemEngine.swift */; };
		16274D28B792E65975E794ED /* MobileProvisionParser.swift in Sources */ = {isa = PBXBuildFile; fileRef = A08D4457AB6736D7BDBC675D /* MobileProvisionParser.swift */; };
		17614484938725AA2F15BDCB /* HexEditorView.swift in Sources */ = {isa = PBXBuildFile; fileRef = 27CD4E51973A59B6CCCFC308 /* HexEditorView.swift */; };
		17CE4974A048B8DDC6A6726B /* FileAssociationsSettingsView.swift in Sources */ = {isa = PBXBuildFile; fileRef = F4A54A6884CFD5AFDF1DF177 /* FileAssociationsSettingsView.swift */; };
		1933440F939AD94489A1B34D /* RootBrowserShell.swift in Sources */ = {isa = PBXBuildFile; fileRef = 4023441984DCA4FC3678D3B4 /* RootBrowserShell.swift */; };
		1AC14F1EBDCD0996DDF5C9FB /* WebViewerView.swift in Sources */ = {isa = PBXBuildFile; fileRef = 19954C84AC321B484BDE5889 /* WebViewerView.swift */; };
		1FBC4C26B4564468EB9263E8 /* ZipArchiveService.swift in Sources */ = {isa = PBXBuildFile; fileRef = C386475388FA3DE49BB060F6 /* ZipArchiveService.swift */; };
		21C34030980B2A370C773A13 /* FileBrowserViewModel.swift in Sources */ = {isa = PBXBuildFile; fileRef = CD4B4EB8BBA239463860E5F8 /* FileBrowserViewModel.swift */; };
		26904AB9989CB8C424CBD5BD /* AppLockGate.swift in Sources */ = {isa = PBXBuildFile; fileRef = 6C754730AFE27A1CA58F7A72 /* AppLockGate.swift */; };
		29BD438F825983E3D282E308 /* SQLiteViewerView.swift in Sources */ = {isa = PBXBuildFile; fileRef = BEE946909B816A051CDAE482 /* SQLiteViewerView.swift */; };
		2D0D4D97B65ECD185EE86FE5 /* PlistEditorView.swift in Sources */ = {isa = PBXBuildFile; fileRef = 796E494D8D498CF65535FEE9 /* PlistEditorView.swift */; };
		2E7B4D1EB87F4C8978C337CB /* FileNode.swift in Sources */ = {isa = PBXBuildFile; fileRef = CDB943F8B191C7675ACA37F4 /* FileNode.swift */; };
		33C3438BBBE201E01569925D /* OAuthClient.swift in Sources */ = {isa = PBXBuildFile; fileRef = A6EE4383A807FF71E1829339 /* OAuthClient.swift */; };
		38234B4A96F3DCDD72DCF71C /* FileViewerRoute.swift in Sources */ = {isa = PBXBuildFile; fileRef = 40764E5794CD40FCEB1A2EE1 /* FileViewerRoute.swift */; };
		40E945399058BA89F866CD1B /* PlistNodeRow.swift in Sources */ = {isa = PBXBuildFile; fileRef = D0EC4A0199FFF7A8D5497FBA /* PlistNodeRow.swift */; };
		41F448C7A6AE4E2AF4DD47B0 /* SWCompression in Frameworks */ = {isa = PBXBuildFile; productRef = 7BF849D2942D00FA57C035C8 /* SWCompression */; };
		47F74198B141EB929AE59DFC /* MediaPlayerView.swift in Sources */ = {isa = PBXBuildFile; fileRef = 910B4F2693616A34FD293DAC /* MediaPlayerView.swift */; };
		480C450F8FD7758BFAECEBB5 /* libsqlite3.tbd in Frameworks */ = {isa = PBXBuildFile; fileRef = 860C4A5F95CD0393F6B547A1 /* libsqlite3.tbd */; };
		4DAF46069BDA4231D216CBD1 /* BookmarksStore.swift in Sources */ = {isa = PBXBuildFile; fileRef = 3E8E4A90B25B0B344AAB25D0 /* BookmarksStore.swift */; };
		4E1B4766B4949E3405C150B4 /* ArchiveFormat.swift in Sources */ = {isa = PBXBuildFile; fileRef = E0FE4323B1878C2CCD34028F /* ArchiveFormat.swift */; };
		522A492F9A156B5904C697DF /* FTPProvider.swift in Sources */ = {isa = PBXBuildFile; fileRef = 9E6B469686C41526E4D8D715 /* FTPProvider.swift */; };
		523F4810B3A55D46A091325D /* SQLiteTableView.swift in Sources */ = {isa = PBXBuildFile; fileRef = 798C4352BA38997D05736B7F /* SQLiteTableView.swift */; };
		53874C31804BB68632418186 /* AddBookmarkView.swift in Sources */ = {isa = PBXBuildFile; fileRef = 767041F58C17175909ED8B03 /* AddBookmarkView.swift */; };
		57AC44E398ADF766EB11DFA8 /* SecuritySettingsView.swift in Sources */ = {isa = PBXBuildFile; fileRef = 4B58443B964ED43432576835 /* SecuritySettingsView.swift */; };
		5B6E41FD8F09CFF6B2A43E31 /* AMSMB2 in Frameworks */ = {isa = PBXBuildFile; productRef = 11154EEF9D5BD2B18FF2AF38 /* AMSMB2 */; };
		62F3432CA97488EFCD8CADE0 /* Assets.xcassets in Resources */ = {isa = PBXBuildFile; fileRef = 69744CBDB37FCD3D2C23AB64 /* Assets.xcassets */; };
		668341FAAB82380FEFED3027 /* FileRowContextMenu.swift in Sources */ = {isa = PBXBuildFile; fileRef = 1D5F495A90F980008B9401F9 /* FileRowContextMenu.swift */; };
		67C34A95ADDCE9CCB03C0B41 /* LockScreenView.swift in Sources */ = {isa = PBXBuildFile; fileRef = D0854AFD8034EBAA24B6E028 /* LockScreenView.swift */; };
		6936478796971E4FB9CF3107 /* MediaMetadataReader.swift in Sources */ = {isa = PBXBuildFile; fileRef = 260C49F3ACF8927B3606BB3B /* MediaMetadataReader.swift */; };
		6A1A4A058270738845A73F5C /* RemoteProviderRegistry.swift in Sources */ = {isa = PBXBuildFile; fileRef = 98474A6B9B1426AE795CD807 /* RemoteProviderRegistry.swift */; };
		6ACF4D2192A7AE9B199AAA8A /* GeneralSettingsView.swift in Sources */ = {isa = PBXBuildFile; fileRef = FB7E4409B5929419DCA6D3C2 /* GeneralSettingsView.swift */; };
		6BB744AD842CFCF669BA5091 /* CompositeArchiveService.swift in Sources */ = {isa = PBXBuildFile; fileRef = BF83480481F933D28FF2964C /* CompositeArchiveService.swift */; };
		6E1E47F8A7FBDB723995D632 /* FileInfoView.swift in Sources */ = {isa = PBXBuildFile; fileRef = 90544E0EB11EADF22262A69E /* FileInfoView.swift */; };
		72CCE45626EF11A7A0FF98CA /* PartyUI in Frameworks */ = {isa = PBXBuildFile; productRef = AB24D56658FE65E2F06B97A2 /* PartyUI */; };
		775B49FCAF3F77F8C0D4917D /* EmptyStateView.swift in Sources */ = {isa = PBXBuildFile; fileRef = 1F51464D89B506F3C8A92F31 /* EmptyStateView.swift */; };
		78854D0D9A489B52429A6FA0 /* ZIPFoundation in Frameworks */ = {isa = PBXBuildFile; productRef = E95445BB8F59CF085871BDB6 /* ZIPFoundation */; };
		81704106A0C645F67FCD625F /* AMSMB2 in Embed Frameworks */ = {isa = PBXBuildFile; productRef = 11154EEF9D5BD2B18FF2AF38 /* AMSMB2 */; settings = {ATTRIBUTES = (CodeSignOnCopy, RemoveHeadersOnCopy, ); }; };
		824A412CB0D578773A3D0693 /* AddRemoteLocationView.swift in Sources */ = {isa = PBXBuildFile; fileRef = 2E2449E18436C1FEBDF08499 /* AddRemoteLocationView.swift */; };
		88FE4C5584FE889EB65157F2 /* RemoteFileProvider.swift in Sources */ = {isa = PBXBuildFile; fileRef = CB49401EBB94443178617C22 /* RemoteFileProvider.swift */; };
		8B71400E81A805FFF8A29CD8 /* SettingsStore.swift in Sources */ = {isa = PBXBuildFile; fileRef = 72414D579CB78EDDEBA96F03 /* SettingsStore.swift */; };
		8CDC40D9845E00DB6203E45C /* FileBrowserView.swift in Sources */ = {isa = PBXBuildFile; fileRef = 5469472DB1B2480E13D0F201 /* FileBrowserView.swift */; };
		92B1466087198293EA125D58 /* ImageViewerView.swift in Sources */ = {isa = PBXBuildFile; fileRef = FA4D426E998A009D3D996FF6 /* ImageViewerView.swift */; };
		970748CDA44E534D9989E010 /* WebDAVProvider.swift in Sources */ = {isa = PBXBuildFile; fileRef = 39194F92B3DE7CC81E2782C5 /* WebDAVProvider.swift */; };
		98EB45339EC93365B7C0B90B /* DirectoryLister.swift in Sources */ = {isa = PBXBuildFile; fileRef = 237F4FCFA87842186BCCACED /* DirectoryLister.swift */; };
		9A0D4723937E545E56C48204 /* PKCE.swift in Sources */ = {isa = PBXBuildFile; fileRef = 22094627BB8B9DFF77118A44 /* PKCE.swift */; };
		9FEA4596A8AFE155CC7A1363 /* IPAInspectorView.swift in Sources */ = {isa = PBXBuildFile; fileRef = 85F04AB5B6E5C0E8C3FBF098 /* IPAInspectorView.swift */; };
		A0B04AF0AB001AC2FFA29FF6 /* BookmarksFlyoutView.swift in Sources */ = {isa = PBXBuildFile; fileRef = E1814DC29AFD6DCF007C1B2A /* BookmarksFlyoutView.swift */; };
		A1DF4A9E8D64A005663AC0BE /* FileAssociationsStore.swift in Sources */ = {isa = PBXBuildFile; fileRef = 972C44F59047A57A2662C23A /* FileAssociationsStore.swift */; };
		A8714351A64EDECD1846A476 /* KeychainStore.swift in Sources */ = {isa = PBXBuildFile; fileRef = F7EF48AAB1423E79B267A03A /* KeychainStore.swift */; };
		ABAC468E91398A1215DFBB64 /* PermissionsEditorView.swift in Sources */ = {isa = PBXBuildFile; fileRef = BF924981A3295D9781EBF0D7 /* PermissionsEditorView.swift */; };
		ADCB45BF96B7BC943B67CBF5 /* SQLiteQueryView.swift in Sources */ = {isa = PBXBuildFile; fileRef = 5016414DA59825056FE7DFA3 /* SQLiteQueryView.swift */; };
		AE004D0D8D05A4936A34D3BD /* ByteCountFormat.swift in Sources */ = {isa = PBXBuildFile; fileRef = A9A7434E90024D514D931B8E /* ByteCountFormat.swift */; };
		AEF14AF8B0FC878881624FAE /* Unrar in Frameworks */ = {isa = PBXBuildFile; productRef = EBC443C9AD548C749C94A069 /* Unrar */; };
		AF5B40208557E0FACDBE6321 /* AboutView.swift in Sources */ = {isa = PBXBuildFile; fileRef = 62BE4FBABE4320A382D5C8C0 /* AboutView.swift */; };
		B0B6465E948D9668C389C868 /* GoogleDriveProvider.swift in Sources */ = {isa = PBXBuildFile; fileRef = 94344552908F4895CD9C6F7F /* GoogleDriveProvider.swift */; };
		BA50446CAA4B97C938E5963F /* ArchiveNode.swift in Sources */ = {isa = PBXBuildFile; fileRef = E6304B489ED85854B61F14BF /* ArchiveNode.swift */; };
		BCB94E0CBBB9CA847CC3D4A8 /* ArchiveBrowserView.swift in Sources */ = {isa = PBXBuildFile; fileRef = 48FB462A94DB08EB6D0E1CC1 /* ArchiveBrowserView.swift */; };
		BE2E4407A77953DE068E87BE /* BackupRestoreView.swift in Sources */ = {isa = PBXBuildFile; fileRef = 42B24707861212E55E163A44 /* BackupRestoreView.swift */; };
		BF564C1CB90837FBCB3FAD9E /* DropboxProvider.swift in Sources */ = {isa = PBXBuildFile; fileRef = DF464667A828B06B50F6E000 /* DropboxProvider.swift */; };
		C3DA49E499A7AF400C4DDA8D /* ClipboardStore.swift in Sources */ = {isa = PBXBuildFile; fileRef = F622448B9C320FBB65A3CE4C /* ClipboardStore.swift */; };
		C4AD4C08AE6878EDE66EF603 /* QuickLookView.swift in Sources */ = {isa = PBXBuildFile; fileRef = C4CA42FD92B3216D86D6CC59 /* QuickLookView.swift */; };
		C50747E69BB0DA4BE36668A3 /* OneDriveProvider.swift in Sources */ = {isa = PBXBuildFile; fileRef = C2184D97985D63D288C406A9 /* OneDriveProvider.swift */; };
		C741465B8FE955D886B90371 /* SWCompressionArchiveService.swift in Sources */ = {isa = PBXBuildFile; fileRef = 35944416956E0EE670FDE872 /* SWCompressionArchiveService.swift */; };
		C7854BE3983F4EAA47AB6C56 /* BiometricLock.swift in Sources */ = {isa = PBXBuildFile; fileRef = 667542D0925B9ADB545BF77B /* BiometricLock.swift */; };
		C7CB431B841662025528AA63 /* FileRow.swift in Sources */ = {isa = PBXBuildFile; fileRef = 3ADF49C6B8DD07C31B21A6BE /* FileRow.swift */; };
		C951456C97744D4D3B8C1B32 /* SMBProvider.swift in Sources */ = {isa = PBXBuildFile; fileRef = 29AA43319B1AA7F7D1E4CBC2 /* SMBProvider.swift */; };
		CE7E41B1854A27358FCC5922 /* IPAInspector.swift in Sources */ = {isa = PBXBuildFile; fileRef = 58CE460A8E9E25889BFE9E82 /* IPAInspector.swift */; };
		D08C465BBE1D595E019CFA1B /* OAuthAuthorizationSession.swift in Sources */ = {isa = PBXBuildFile; fileRef = 273A41BBA3F362DEEDE434B4 /* OAuthAuthorizationSession.swift */; };
		D313498C8670E3122DA8B067 /* RemoteURL.swift in Sources */ = {isa = PBXBuildFile; fileRef = 92184627944EDD68850E6C61 /* RemoteURL.swift */; };
		D3AB4F03B9E52FCAF0AAD869 /* RemoteConnectionsStore.swift in Sources */ = {isa = PBXBuildFile; fileRef = 0BD849A19993601C08EC0C33 /* RemoteConnectionsStore.swift */; };
		D78942C1B83825CC58774AC6 /* ArchiveService.swift in Sources */ = {isa = PBXBuildFile; fileRef = 05A74BE4B7FA9B3A2E1DC5E0 /* ArchiveService.swift */; };
		D9F34B8CB19C2DA437B7B6A2 /* HexFormatting.swift in Sources */ = {isa = PBXBuildFile; fileRef = 5B9945028AA91108805F6363 /* HexFormatting.swift */; };
		DC724861AC5B3789450B7CA5 /* RemoteConnection.swift in Sources */ = {isa = PBXBuildFile; fileRef = 4E27418A86EC235490917908 /* RemoteConnection.swift */; };
		DCA94771AC39E19433646994 /* UTITypeMapping.swift in Sources */ = {isa = PBXBuildFile; fileRef = 2E324A4D907B8FE1C41A09A1 /* UTITypeMapping.swift */; };
		DE3E47F6B950455103DD9F43 /* TextEditorView.swift in Sources */ = {isa = PBXBuildFile; fileRef = B63740BD8C67D634ACDBD936 /* TextEditorView.swift */; };
		E4BC4D78A9EDF57CA88F0707 /* FileOperation.swift in Sources */ = {isa = PBXBuildFile; fileRef = 7104439C8F285E92FF9527A1 /* FileOperation.swift */; };
		E71343A3804CA7FCDDBCAC74 /* FilzerApp.swift in Sources */ = {isa = PBXBuildFile; fileRef = ECA647A8A68766C74BF3427C /* FilzerApp.swift */; };
		EA49484692A07C4DEB702199 /* FileSystemEngine.swift in Sources */ = {isa = PBXBuildFile; fileRef = 341143E7A5FBB04DC7C80CD9 /* FileSystemEngine.swift */; };
		EAE344B9BD913094910AA9EB /* RecentsFlyoutView.swift in Sources */ = {isa = PBXBuildFile; fileRef = 76C64741A3255B688CAA9FD9 /* RecentsFlyoutView.swift */; };
		EAFD41C19E94A57E1AB1EC3A /* SandboxRoots.swift in Sources */ = {isa = PBXBuildFile; fileRef = 856449098EF4ADF6ECC783BF /* SandboxRoots.swift */; };
		EC244D7A9F821AAEC9FE5131 /* DisksFlyoutView.swift in Sources */ = {isa = PBXBuildFile; fileRef = 55B749DD8F7F46F68122AC54 /* DisksFlyoutView.swift */; };
		ED0B464BA716B91DDE347FBF /* SecurityScopedBookmark.swift in Sources */ = {isa = PBXBuildFile; fileRef = 34384BC6B15B80423D4014A3 /* SecurityScopedBookmark.swift */; };
		ED0C4B73850EA4159DE845E8 /* FileIconView.swift in Sources */ = {isa = PBXBuildFile; fileRef = BF8646DDA20321A75F71D26D /* FileIconView.swift */; };
		EEA2428E99C9B0523AAB3143 /* RarArchiveService.swift in Sources */ = {isa = PBXBuildFile; fileRef = C2654DD3AA9772FFB024FFA5 /* RarArchiveService.swift */; };
		EF4F423480DE90EEE8603B85 /* RecentsStore.swift in Sources */ = {isa = PBXBuildFile; fileRef = 20FE4F98BBAD365C5FE9FB40 /* RecentsStore.swift */; };
		EF824EE7A65775A2AF1B36F6 /* OAuthTokenStore.swift in Sources */ = {isa = PBXBuildFile; fileRef = 1058486A92FCE381E0E881BB /* OAuthTokenStore.swift */; };
		F21944EDA76AC03411A6F493 /* PlistNode.swift in Sources */ = {isa = PBXBuildFile; fileRef = 37BE472CA702922988307FFE /* PlistNode.swift */; };
		F977470AA977953B94FC6EC9 /* FileSystemError.swift in Sources */ = {isa = PBXBuildFile; fileRef = 3EF244468A1452C210D6E125 /* FileSystemError.swift */; };
		FB084605B51B3EC2B7A2413A /* Theme.swift in Sources */ = {isa = PBXBuildFile; fileRef = 62FE476D9EF438CCF2D443E4 /* Theme.swift */; };
		FBBB4433A705493704A42719 /* ViewerKind.swift in Sources */ = {isa = PBXBuildFile; fileRef = 4DE84ED4804D8F38C53DCCB7 /* ViewerKind.swift */; };
		FEF0450DBBD14CA52A819023 /* SQLiteReader.swift in Sources */ = {isa = PBXBuildFile; fileRef = E2F24E498E26D5EEA5145569 /* SQLiteReader.swift */; };
		FF0248F7B24091312E9853D1 /* PasteboardBanner.swift in Sources */ = {isa = PBXBuildFile; fileRef = F16246FC8D42409678C2E1A7 /* PasteboardBanner.swift */; };
/* End PBXBuildFile section */

/* Begin PBXCopyFilesBuildPhase section */
		98244E8E86D3700D896CE1DD /* Embed Frameworks */ = {
			isa = PBXCopyFilesBuildPhase;
			buildActionMask = 2147483647;
			dstPath = "";
			dstSubfolderSpec = 10;
			files = (
				81704106A0C645F67FCD625F /* AMSMB2 in Embed Frameworks */,
			);
			name = "Embed Frameworks";
			runOnlyForDeploymentPostprocessing = 0;
		};
/* End PBXCopyFilesBuildPhase section */

/* Begin PBXFileReference section */
		05A74BE4B7FA9B3A2E1DC5E0 /* ArchiveService.swift */ = {isa = PBXFileReference; lastKnownFileType = sourcecode.swift; name = ArchiveService.swift; path = ArchiveService.swift; sourceTree = "<group>"; };
		0BD849A19993601C08EC0C33 /* RemoteConnectionsStore.swift */ = {isa = PBXFileReference; lastKnownFileType = sourcecode.swift; name = RemoteConnectionsStore.swift; path = RemoteConnectionsStore.swift; sourceTree = "<group>"; };
		1058486A92FCE381E0E881BB /* OAuthTokenStore.swift */ = {isa = PBXFileReference; lastKnownFileType = sourcecode.swift; name = OAuthTokenStore.swift; path = OAuthTokenStore.swift; sourceTree = "<group>"; };
		19954C84AC321B484BDE5889 /* WebViewerView.swift */ = {isa = PBXFileReference; lastKnownFileType = sourcecode.swift; name = WebViewerView.swift; path = WebViewerView.swift; sourceTree = "<group>"; };
		1D5F495A90F980008B9401F9 /* FileRowContextMenu.swift */ = {isa = PBXFileReference; lastKnownFileType = sourcecode.swift; name = FileRowContextMenu.swift; path = FileRowContextMenu.swift; sourceTree = "<group>"; };
		1F51464D89B506F3C8A92F31 /* EmptyStateView.swift */ = {isa = PBXFileReference; lastKnownFileType = sourcecode.swift; name = EmptyStateView.swift; path = EmptyStateView.swift; sourceTree = "<group>"; };
		1FB245C685E8533B57325995 /* ErrorAlertModifier.swift */ = {isa = PBXFileReference; lastKnownFileType = sourcecode.swift; name = ErrorAlertModifier.swift; path = ErrorAlertModifier.swift; sourceTree = "<group>"; };
		20FE4F98BBAD365C5FE9FB40 /* RecentsStore.swift */ = {isa = PBXFileReference; lastKnownFileType = sourcecode.swift; name = RecentsStore.swift; path = RecentsStore.swift; sourceTree = "<group>"; };
		22094627BB8B9DFF77118A44 /* PKCE.swift */ = {isa = PBXFileReference; lastKnownFileType = sourcecode.swift; name = PKCE.swift; path = PKCE.swift; sourceTree = "<group>"; };
		237F4FCFA87842186BCCACED /* DirectoryLister.swift */ = {isa = PBXFileReference; lastKnownFileType = sourcecode.swift; name = DirectoryLister.swift; path = DirectoryLister.swift; sourceTree = "<group>"; };
		260C49F3ACF8927B3606BB3B /* MediaMetadataReader.swift */ = {isa = PBXFileReference; lastKnownFileType = sourcecode.swift; name = MediaMetadataReader.swift; path = MediaMetadataReader.swift; sourceTree = "<group>"; };
		26C891F6F7DC49D54C98BAD1 /* Info.plist */ = {isa = PBXFileReference; lastKnownFileType = text.plist; path = Info.plist; sourceTree = "<group>"; };
		273A41BBA3F362DEEDE434B4 /* OAuthAuthorizationSession.swift */ = {isa = PBXFileReference; lastKnownFileType = sourcecode.swift; name = OAuthAuthorizationSession.swift; path = OAuthAuthorizationSession.swift; sourceTree = "<group>"; };
		27CD4E51973A59B6CCCFC308 /* HexEditorView.swift */ = {isa = PBXFileReference; lastKnownFileType = sourcecode.swift; name = HexEditorView.swift; path = HexEditorView.swift; sourceTree = "<group>"; };
		29AA43319B1AA7F7D1E4CBC2 /* SMBProvider.swift */ = {isa = PBXFileReference; lastKnownFileType = sourcecode.swift; name = SMBProvider.swift; path = SMBProvider.swift; sourceTree = "<group>"; };
		2E2449E18436C1FEBDF08499 /* AddRemoteLocationView.swift */ = {isa = PBXFileReference; lastKnownFileType = sourcecode.swift; name = AddRemoteLocationView.swift; path = AddRemoteLocationView.swift; sourceTree = "<group>"; };
		2E324A4D907B8FE1C41A09A1 /* UTITypeMapping.swift */ = {isa = PBXFileReference; lastKnownFileType = sourcecode.swift; name = UTITypeMapping.swift; path = UTITypeMapping.swift; sourceTree = "<group>"; };
		341143E7A5FBB04DC7C80CD9 /* FileSystemEngine.swift */ = {isa = PBXFileReference; lastKnownFileType = sourcecode.swift; name = FileSystemEngine.swift; path = FileSystemEngine.swift; sourceTree = "<group>"; };
		34384BC6B15B80423D4014A3 /* SecurityScopedBookmark.swift */ = {isa = PBXFileReference; lastKnownFileType = sourcecode.swift; name = SecurityScopedBookmark.swift; path = SecurityScopedBookmark.swift; sourceTree = "<group>"; };
		35944416956E0EE670FDE872 /* SWCompressionArchiveService.swift */ = {isa = PBXFileReference; lastKnownFileType = sourcecode.swift; name = SWCompressionArchiveService.swift; path = SWCompressionArchiveService.swift; sourceTree = "<group>"; };
		37BE472CA702922988307FFE /* PlistNode.swift */ = {isa = PBXFileReference; lastKnownFileType = sourcecode.swift; name = PlistNode.swift; path = PlistNode.swift; sourceTree = "<group>"; };
		39194F92B3DE7CC81E2782C5 /* WebDAVProvider.swift */ = {isa = PBXFileReference; lastKnownFileType = sourcecode.swift; name = WebDAVProvider.swift; path = WebDAVProvider.swift; sourceTree = "<group>"; };
		3ADF49C6B8DD07C31B21A6BE /* FileRow.swift */ = {isa = PBXFileReference; lastKnownFileType = sourcecode.swift; name = FileRow.swift; path = FileRow.swift; sourceTree = "<group>"; };
		3E8E4A90B25B0B344AAB25D0 /* BookmarksStore.swift */ = {isa = PBXFileReference; lastKnownFileType = sourcecode.swift; name = BookmarksStore.swift; path = BookmarksStore.swift; sourceTree = "<group>"; };
		3EF244468A1452C210D6E125 /* FileSystemError.swift */ = {isa = PBXFileReference; lastKnownFileType = sourcecode.swift; name = FileSystemError.swift; path = FileSystemError.swift; sourceTree = "<group>"; };
		4023441984DCA4FC3678D3B4 /* RootBrowserShell.swift */ = {isa = PBXFileReference; lastKnownFileType = sourcecode.swift; name = RootBrowserShell.swift; path = RootBrowserShell.swift; sourceTree = "<group>"; };
		40764E5794CD40FCEB1A2EE1 /* FileViewerRoute.swift */ = {isa = PBXFileReference; lastKnownFileType = sourcecode.swift; name = FileViewerRoute.swift; path = FileViewerRoute.swift; sourceTree = "<group>"; };
		42B24707861212E55E163A44 /* BackupRestoreView.swift */ = {isa = PBXFileReference; lastKnownFileType = sourcecode.swift; name = BackupRestoreView.swift; path = BackupRestoreView.swift; sourceTree = "<group>"; };
		43AC47B090BF9341EC8C03CA /* MobileProvisionView.swift */ = {isa = PBXFileReference; lastKnownFileType = sourcecode.swift; name = MobileProvisionView.swift; path = MobileProvisionView.swift; sourceTree = "<group>"; };
		48FB462A94DB08EB6D0E1CC1 /* ArchiveBrowserView.swift */ = {isa = PBXFileReference; lastKnownFileType = sourcecode.swift; name = ArchiveBrowserView.swift; path = ArchiveBrowserView.swift; sourceTree = "<group>"; };
		4AD64404B8D83CD465358E03 /* FileSortDescriptor.swift */ = {isa = PBXFileReference; lastKnownFileType = sourcecode.swift; name = FileSortDescriptor.swift; path = FileSortDescriptor.swift; sourceTree = "<group>"; };
		4B58443B964ED43432576835 /* SecuritySettingsView.swift */ = {isa = PBXFileReference; lastKnownFileType = sourcecode.swift; name = SecuritySettingsView.swift; path = SecuritySettingsView.swift; sourceTree = "<group>"; };
		4DE84ED4804D8F38C53DCCB7 /* ViewerKind.swift */ = {isa = PBXFileReference; lastKnownFileType = sourcecode.swift; name = ViewerKind.swift; path = ViewerKind.swift; sourceTree = "<group>"; };
		4E27418A86EC235490917908 /* RemoteConnection.swift */ = {isa = PBXFileReference; lastKnownFileType = sourcecode.swift; name = RemoteConnection.swift; path = RemoteConnection.swift; sourceTree = "<group>"; };
		5016414DA59825056FE7DFA3 /* SQLiteQueryView.swift */ = {isa = PBXFileReference; lastKnownFileType = sourcecode.swift; name = SQLiteQueryView.swift; path = SQLiteQueryView.swift; sourceTree = "<group>"; };
		50AF4C2BB7ADC62733D6BDB2 /* PlistCodec.swift */ = {isa = PBXFileReference; lastKnownFileType = sourcecode.swift; name = PlistCodec.swift; path = PlistCodec.swift; sourceTree = "<group>"; };
		5469472DB1B2480E13D0F201 /* FileBrowserView.swift */ = {isa = PBXFileReference; lastKnownFileType = sourcecode.swift; name = FileBrowserView.swift; path = FileBrowserView.swift; sourceTree = "<group>"; };
		55B749DD8F7F46F68122AC54 /* DisksFlyoutView.swift */ = {isa = PBXFileReference; lastKnownFileType = sourcecode.swift; name = DisksFlyoutView.swift; path = DisksFlyoutView.swift; sourceTree = "<group>"; };
		58CE460A8E9E25889BFE9E82 /* IPAInspector.swift */ = {isa = PBXFileReference; lastKnownFileType = sourcecode.swift; name = IPAInspector.swift; path = IPAInspector.swift; sourceTree = "<group>"; };
		5B9945028AA91108805F6363 /* HexFormatting.swift */ = {isa = PBXFileReference; lastKnownFileType = sourcecode.swift; name = HexFormatting.swift; path = HexFormatting.swift; sourceTree = "<group>"; };
		62BE4FBABE4320A382D5C8C0 /* AboutView.swift */ = {isa = PBXFileReference; lastKnownFileType = sourcecode.swift; name = AboutView.swift; path = AboutView.swift; sourceTree = "<group>"; };
		62FE476D9EF438CCF2D443E4 /* Theme.swift */ = {isa = PBXFileReference; lastKnownFileType = sourcecode.swift; name = Theme.swift; path = Theme.swift; sourceTree = "<group>"; };
		667542D0925B9ADB545BF77B /* BiometricLock.swift */ = {isa = PBXFileReference; lastKnownFileType = sourcecode.swift; name = BiometricLock.swift; path = BiometricLock.swift; sourceTree = "<group>"; };
		69744CBDB37FCD3D2C23AB64 /* Assets.xcassets */ = {isa = PBXFileReference; lastKnownFileType = folder.assetcatalog; name = Assets.xcassets; path = Resources/Assets.xcassets; sourceTree = SOURCE_ROOT; };
		6C754730AFE27A1CA58F7A72 /* AppLockGate.swift */ = {isa = PBXFileReference; lastKnownFileType = sourcecode.swift; name = AppLockGate.swift; path = AppLockGate.swift; sourceTree = "<group>"; };
		7104439C8F285E92FF9527A1 /* FileOperation.swift */ = {isa = PBXFileReference; lastKnownFileType = sourcecode.swift; name = FileOperation.swift; path = FileOperation.swift; sourceTree = "<group>"; };
		72414D579CB78EDDEBA96F03 /* SettingsStore.swift */ = {isa = PBXFileReference; lastKnownFileType = sourcecode.swift; name = SettingsStore.swift; path = SettingsStore.swift; sourceTree = "<group>"; };
		757447108B6FE97FCE60570F /* POSIXPermissions.swift */ = {isa = PBXFileReference; lastKnownFileType = sourcecode.swift; name = POSIXPermissions.swift; path = POSIXPermissions.swift; sourceTree = "<group>"; };
		767041F58C17175909ED8B03 /* AddBookmarkView.swift */ = {isa = PBXFileReference; lastKnownFileType = sourcecode.swift; name = AddBookmarkView.swift; path = AddBookmarkView.swift; sourceTree = "<group>"; };
		76C64741A3255B688CAA9FD9 /* RecentsFlyoutView.swift */ = {isa = PBXFileReference; lastKnownFileType = sourcecode.swift; name = RecentsFlyoutView.swift; path = RecentsFlyoutView.swift; sourceTree = "<group>"; };
		796E494D8D498CF65535FEE9 /* PlistEditorView.swift */ = {isa = PBXFileReference; lastKnownFileType = sourcecode.swift; name = PlistEditorView.swift; path = PlistEditorView.swift; sourceTree = "<group>"; };
		798C4352BA38997D05736B7F /* SQLiteTableView.swift */ = {isa = PBXFileReference; lastKnownFileType = sourcecode.swift; name = SQLiteTableView.swift; path = SQLiteTableView.swift; sourceTree = "<group>"; };
		7B4D423F81C42138624C2943 /* ShareSheetPresenter.swift */ = {isa = PBXFileReference; lastKnownFileType = sourcecode.swift; name = ShareSheetPresenter.swift; path = ShareSheetPresenter.swift; sourceTree = "<group>"; };
		856449098EF4ADF6ECC783BF /* SandboxRoots.swift */ = {isa = PBXFileReference; lastKnownFileType = sourcecode.swift; name = SandboxRoots.swift; path = SandboxRoots.swift; sourceTree = "<group>"; };
		85F04AB5B6E5C0E8C3FBF098 /* IPAInspectorView.swift */ = {isa = PBXFileReference; lastKnownFileType = sourcecode.swift; name = IPAInspectorView.swift; path = IPAInspectorView.swift; sourceTree = "<group>"; };
		860C4A5F95CD0393F6B547A1 /* libsqlite3.tbd */ = {isa = PBXFileReference; lastKnownFileType = "sourcecode.text-based-dylib-definition"; name = libsqlite3.tbd; path = usr/lib/libsqlite3.tbd; sourceTree = SDKROOT; };
		90544E0EB11EADF22262A69E /* FileInfoView.swift */ = {isa = PBXFileReference; lastKnownFileType = sourcecode.swift; name = FileInfoView.swift; path = FileInfoView.swift; sourceTree = "<group>"; };
		910B4F2693616A34FD293DAC /* MediaPlayerView.swift */ = {isa = PBXFileReference; lastKnownFileType = sourcecode.swift; name = MediaPlayerView.swift; path = MediaPlayerView.swift; sourceTree = "<group>"; };
		92184627944EDD68850E6C61 /* RemoteURL.swift */ = {isa = PBXFileReference; lastKnownFileType = sourcecode.swift; name = RemoteURL.swift; path = RemoteURL.swift; sourceTree = "<group>"; };
		94344552908F4895CD9C6F7F /* GoogleDriveProvider.swift */ = {isa = PBXFileReference; lastKnownFileType = sourcecode.swift; name = GoogleDriveProvider.swift; path = GoogleDriveProvider.swift; sourceTree = "<group>"; };
		972C44F59047A57A2662C23A /* FileAssociationsStore.swift */ = {isa = PBXFileReference; lastKnownFileType = sourcecode.swift; name = FileAssociationsStore.swift; path = FileAssociationsStore.swift; sourceTree = "<group>"; };
		98474A6B9B1426AE795CD807 /* RemoteProviderRegistry.swift */ = {isa = PBXFileReference; lastKnownFileType = sourcecode.swift; name = RemoteProviderRegistry.swift; path = RemoteProviderRegistry.swift; sourceTree = "<group>"; };
		9E6B469686C41526E4D8D715 /* FTPProvider.swift */ = {isa = PBXFileReference; lastKnownFileType = sourcecode.swift; name = FTPProvider.swift; path = FTPProvider.swift; sourceTree = "<group>"; };
		A08D4457AB6736D7BDBC675D /* MobileProvisionParser.swift */ = {isa = PBXFileReference; lastKnownFileType = sourcecode.swift; name = MobileProvisionParser.swift; path = MobileProvisionParser.swift; sourceTree = "<group>"; };
		A6EE4383A807FF71E1829339 /* OAuthClient.swift */ = {isa = PBXFileReference; lastKnownFileType = sourcecode.swift; name = OAuthClient.swift; path = OAuthClient.swift; sourceTree = "<group>"; };
		A9A7434E90024D514D931B8E /* ByteCountFormat.swift */ = {isa = PBXFileReference; lastKnownFileType = sourcecode.swift; name = ByteCountFormat.swift; path = ByteCountFormat.swift; sourceTree = "<group>"; };
		AE8C4AE3B49D12D2916DD7BD /* FileSearchEngine.swift */ = {isa = PBXFileReference; lastKnownFileType = sourcecode.swift; name = FileSearchEngine.swift; path = FileSearchEngine.swift; sourceTree = "<group>"; };
		B63740BD8C67D634ACDBD936 /* TextEditorView.swift */ = {isa = PBXFileReference; lastKnownFileType = sourcecode.swift; name = TextEditorView.swift; path = TextEditorView.swift; sourceTree = "<group>"; };
		BD4620F3057E1BD9150EFA0F /* Filzer.app */ = {isa = PBXFileReference; includeInIndex = 0; lastKnownFileType = wrapper.application; path = Filzer.app; sourceTree = BUILT_PRODUCTS_DIR; };
		BEE946909B816A051CDAE482 /* SQLiteViewerView.swift */ = {isa = PBXFileReference; lastKnownFileType = sourcecode.swift; name = SQLiteViewerView.swift; path = SQLiteViewerView.swift; sourceTree = "<group>"; };
		BF83480481F933D28FF2964C /* CompositeArchiveService.swift */ = {isa = PBXFileReference; lastKnownFileType = sourcecode.swift; name = CompositeArchiveService.swift; path = CompositeArchiveService.swift; sourceTree = "<group>"; };
		BF8646DDA20321A75F71D26D /* FileIconView.swift */ = {isa = PBXFileReference; lastKnownFileType = sourcecode.swift; name = FileIconView.swift; path = FileIconView.swift; sourceTree = "<group>"; };
		BF924981A3295D9781EBF0D7 /* PermissionsEditorView.swift */ = {isa = PBXFileReference; lastKnownFileType = sourcecode.swift; name = PermissionsEditorView.swift; path = PermissionsEditorView.swift; sourceTree = "<group>"; };
		C2184D97985D63D288C406A9 /* OneDriveProvider.swift */ = {isa = PBXFileReference; lastKnownFileType = sourcecode.swift; name = OneDriveProvider.swift; path = OneDriveProvider.swift; sourceTree = "<group>"; };
		C2654DD3AA9772FFB024FFA5 /* RarArchiveService.swift */ = {isa = PBXFileReference; lastKnownFileType = sourcecode.swift; name = RarArchiveService.swift; path = RarArchiveService.swift; sourceTree = "<group>"; };
		C386475388FA3DE49BB060F6 /* ZipArchiveService.swift */ = {isa = PBXFileReference; lastKnownFileType = sourcecode.swift; name = ZipArchiveService.swift; path = ZipArchiveService.swift; sourceTree = "<group>"; };
		C4CA42FD92B3216D86D6CC59 /* QuickLookView.swift */ = {isa = PBXFileReference; lastKnownFileType = sourcecode.swift; name = QuickLookView.swift; path = QuickLookView.swift; sourceTree = "<group>"; };
		C62B4875BFC978514BF0A343 /* FileSystemEngine+Convenience.swift */ = {isa = PBXFileReference; lastKnownFileType = sourcecode.swift; name = "FileSystemEngine+Convenience.swift"; path = "FileSystemEngine+Convenience.swift"; sourceTree = "<group>"; };
		CB49401EBB94443178617C22 /* RemoteFileProvider.swift */ = {isa = PBXFileReference; lastKnownFileType = sourcecode.swift; name = RemoteFileProvider.swift; path = RemoteFileProvider.swift; sourceTree = "<group>"; };
		CD4B4EB8BBA239463860E5F8 /* FileBrowserViewModel.swift */ = {isa = PBXFileReference; lastKnownFileType = sourcecode.swift; name = FileBrowserViewModel.swift; path = FileBrowserViewModel.swift; sourceTree = "<group>"; };
		CDB943F8B191C7675ACA37F4 /* FileNode.swift */ = {isa = PBXFileReference; lastKnownFileType = sourcecode.swift; name = FileNode.swift; path = FileNode.swift; sourceTree = "<group>"; };
		D0854AFD8034EBAA24B6E028 /* LockScreenView.swift */ = {isa = PBXFileReference; lastKnownFileType = sourcecode.swift; name = LockScreenView.swift; path = LockScreenView.swift; sourceTree = "<group>"; };
		D0EC4A0199FFF7A8D5497FBA /* PlistNodeRow.swift */ = {isa = PBXFileReference; lastKnownFileType = sourcecode.swift; name = PlistNodeRow.swift; path = PlistNodeRow.swift; sourceTree = "<group>"; };
		DEE74B0D99FE3AB41CC19A20 /* SettingsView.swift */ = {isa = PBXFileReference; lastKnownFileType = sourcecode.swift; name = SettingsView.swift; path = SettingsView.swift; sourceTree = "<group>"; };
		DF464667A828B06B50F6E000 /* DropboxProvider.swift */ = {isa = PBXFileReference; lastKnownFileType = sourcecode.swift; name = DropboxProvider.swift; path = DropboxProvider.swift; sourceTree = "<group>"; };
		E035490190121EDD04B11CD8 /* SandboxedFileSystemEngine.swift */ = {isa = PBXFileReference; lastKnownFileType = sourcecode.swift; name = SandboxedFileSystemEngine.swift; path = SandboxedFileSystemEngine.swift; sourceTree = "<group>"; };
		E0FE4323B1878C2CCD34028F /* ArchiveFormat.swift */ = {isa = PBXFileReference; lastKnownFileType = sourcecode.swift; name = ArchiveFormat.swift; path = ArchiveFormat.swift; sourceTree = "<group>"; };
		E1814DC29AFD6DCF007C1B2A /* BookmarksFlyoutView.swift */ = {isa = PBXFileReference; lastKnownFileType = sourcecode.swift; name = BookmarksFlyoutView.swift; path = BookmarksFlyoutView.swift; sourceTree = "<group>"; };
		E2F24E498E26D5EEA5145569 /* SQLiteReader.swift */ = {isa = PBXFileReference; lastKnownFileType = sourcecode.swift; name = SQLiteReader.swift; path = SQLiteReader.swift; sourceTree = "<group>"; };
		E6304B489ED85854B61F14BF /* ArchiveNode.swift */ = {isa = PBXFileReference; lastKnownFileType = sourcecode.swift; name = ArchiveNode.swift; path = ArchiveNode.swift; sourceTree = "<group>"; };
		ECA647A8A68766C74BF3427C /* FilzerApp.swift */ = {isa = PBXFileReference; lastKnownFileType = sourcecode.swift; name = FilzerApp.swift; path = FilzerApp.swift; sourceTree = "<group>"; };
		F16246FC8D42409678C2E1A7 /* PasteboardBanner.swift */ = {isa = PBXFileReference; lastKnownFileType = sourcecode.swift; name = PasteboardBanner.swift; path = PasteboardBanner.swift; sourceTree = "<group>"; };
		F4A54A6884CFD5AFDF1DF177 /* FileAssociationsSettingsView.swift */ = {isa = PBXFileReference; lastKnownFileType = sourcecode.swift; name = FileAssociationsSettingsView.swift; path = FileAssociationsSettingsView.swift; sourceTree = "<group>"; };
		F622448B9C320FBB65A3CE4C /* ClipboardStore.swift */ = {isa = PBXFileReference; lastKnownFileType = sourcecode.swift; name = ClipboardStore.swift; path = ClipboardStore.swift; sourceTree = "<group>"; };
		F7EF48AAB1423E79B267A03A /* KeychainStore.swift */ = {isa = PBXFileReference; lastKnownFileType = sourcecode.swift; name = KeychainStore.swift; path = KeychainStore.swift; sourceTree = "<group>"; };
		FA4D426E998A009D3D996FF6 /* ImageViewerView.swift */ = {isa = PBXFileReference; lastKnownFileType = sourcecode.swift; name = ImageViewerView.swift; path = ImageViewerView.swift; sourceTree = "<group>"; };
		FB7E4409B5929419DCA6D3C2 /* GeneralSettingsView.swift */ = {isa = PBXFileReference; lastKnownFileType = sourcecode.swift; name = GeneralSettingsView.swift; path = GeneralSettingsView.swift; sourceTree = "<group>"; };
/* End PBXFileReference section */

/* Begin PBXFrameworksBuildPhase section */
		57B1D0AB4AAE1F08EF24FF77 /* Frameworks */ = {
			isa = PBXFrameworksBuildPhase;
			buildActionMask = 2147483647;
			files = (
				72CCE45626EF11A7A0FF98CA /* PartyUI in Frameworks */,
				78854D0D9A489B52429A6FA0 /* ZIPFoundation in Frameworks */,
				480C450F8FD7758BFAECEBB5 /* libsqlite3.tbd in Frameworks */,
				5B6E41FD8F09CFF6B2A43E31 /* AMSMB2 in Frameworks */,
				AEF14AF8B0FC878881624FAE /* Unrar in Frameworks */,
				41F448C7A6AE4E2AF4DD47B0 /* SWCompression in Frameworks */,
			);
			runOnlyForDeploymentPostprocessing = 0;
		};
/* End PBXFrameworksBuildPhase section */

/* Begin PBXGroup section */
		02B04CDDB1E13C19A5A163B9 /* DesignSystem */ = {
			isa = PBXGroup;
			children = (
				1F51464D89B506F3C8A92F31 /* EmptyStateView.swift */,
				1FB245C685E8533B57325995 /* ErrorAlertModifier.swift */,
				BF8646DDA20321A75F71D26D /* FileIconView.swift */,
				3ADF49C6B8DD07C31B21A6BE /* FileRow.swift */,
				F16246FC8D42409678C2E1A7 /* PasteboardBanner.swift */,
				7B4D423F81C42138624C2943 /* ShareSheetPresenter.swift */,
				62FE476D9EF438CCF2D443E4 /* Theme.swift */,
			);
			name = DesignSystem;
			path = DesignSystem;
			sourceTree = "<group>";
		};
		1FA94588A1954EE4DEE15764 /* Archive */ = {
			isa = PBXGroup;
			children = (
				48FB462A94DB08EB6D0E1CC1 /* ArchiveBrowserView.swift */,
				E6304B489ED85854B61F14BF /* ArchiveNode.swift */,
			);
			name = Archive;
			path = Archive;
			sourceTree = "<group>";
		};
		284C496FAB9BE6ECB65A08B9 /* Recents */ = {
			isa = PBXGroup;
			children = (
				76C64741A3255B688CAA9FD9 /* RecentsFlyoutView.swift */,
			);
			name = Recents;
			path = Recents;
			sourceTree = "<group>";
		};
		28A0496591616788FE98FEB0 /* App */ = {
			isa = PBXGroup;
			children = (
				6C754730AFE27A1CA58F7A72 /* AppLockGate.swift */,
				ECA647A8A68766C74BF3427C /* FilzerApp.swift */,
				D0854AFD8034EBAA24B6E028 /* LockScreenView.swift */,
				4023441984DCA4FC3678D3B4 /* RootBrowserShell.swift */,
			);
			name = App;
			path = App;
			sourceTree = "<group>";
		};
		2F6F469AA6973CED5C851163 /* Bookmarks */ = {
			isa = PBXGroup;
			children = (
				E1814DC29AFD6DCF007C1B2A /* BookmarksFlyoutView.swift */,
				767041F58C17175909ED8B03 /* AddBookmarkView.swift */,
			);
			name = Bookmarks;
			path = Bookmarks;
			sourceTree = "<group>";
		};
		3904435DA2138E06C0B1EAB3 /* Disks */ = {
			isa = PBXGroup;
			children = (
				2E2449E18436C1FEBDF08499 /* AddRemoteLocationView.swift */,
				55B749DD8F7F46F68122AC54 /* DisksFlyoutView.swift */,
			);
			name = Disks;
			path = Disks;
			sourceTree = "<group>";
		};
		3B56493EABA34CC2DAE3D7A5 /* Remote */ = {
			isa = PBXGroup;
			children = (
				9E6B469686C41526E4D8D715 /* FTPProvider.swift */,
				4E27418A86EC235490917908 /* RemoteConnection.swift */,
				CB49401EBB94443178617C22 /* RemoteFileProvider.swift */,
				98474A6B9B1426AE795CD807 /* RemoteProviderRegistry.swift */,
				92184627944EDD68850E6C61 /* RemoteURL.swift */,
				29AA43319B1AA7F7D1E4CBC2 /* SMBProvider.swift */,
				39194F92B3DE7CC81E2782C5 /* WebDAVProvider.swift */,
				273A41BBA3F362DEEDE434B4 /* OAuthAuthorizationSession.swift */,
				A6EE4383A807FF71E1829339 /* OAuthClient.swift */,
				1058486A92FCE381E0E881BB /* OAuthTokenStore.swift */,
				DF464667A828B06B50F6E000 /* DropboxProvider.swift */,
				C2184D97985D63D288C406A9 /* OneDriveProvider.swift */,
				94344552908F4895CD9C6F7F /* GoogleDriveProvider.swift */,
			);
			name = Remote;
			path = Remote;
			sourceTree = "<group>";
		};
		3FF146E3BB5EB6648DDD6306 /* Core */ = {
			isa = PBXGroup;
			children = (
				F1654AE6AAFF1EE7C2A85063 /* Archive */,
				ABF14B4286BFED6C3B817A0F /* FileSystem */,
				72E34982AAD55213796207A2 /* Formatting */,
				F02E4D4E858319469867FB3C /* Media */,
				F60641EABADD37962A002F6E /* PropertyList */,
				3B56493EABA34CC2DAE3D7A5 /* Remote */,
				7CA14246941A6AA65879F0A6 /* Search */,
				78234FCBA4FA8F245E16A2D9 /* Security */,
				A46A47E590A25AE7A3BADE79 /* Sorting */,
				86FA4402A08705DF7CA7B2C7 /* SQLite */,
			);
			name = Core;
			path = Core;
			sourceTree = "<group>";
		};
		44384C58905DCA2222A1DDFF /* Features */ = {
			isa = PBXGroup;
			children = (
				8CF0492B9CDFB9D88F62A7F3 /* AppInspector */,
				1FA94588A1954EE4DEE15764 /* Archive */,
				2F6F469AA6973CED5C851163 /* Bookmarks */,
				8735463E9C21552D88F428D3 /* Browser */,
				3904435DA2138E06C0B1EAB3 /* Disks */,
				97DE4FE88D689FF5EC1DC7D1 /* FileInfo */,
				5CA4402689BF1CF257A98B2B /* HexEditor */,
				A59240C68339D0CC5ED81CB2 /* ImageViewer */,
				B2904CF18E6388FA45D5E323 /* MediaPlayer */,
				DA9B457A81E5002E28F6A829 /* PlistEditor */,
				C5994E75BC25AC1CA49557D6 /* QuickLook */,
				284C496FAB9BE6ECB65A08B9 /* Recents */,
				C80344BABE83C623A0FDCA0E /* Settings */,
				4F68458496A9F165E58D6377 /* SQLiteViewer */,
				4B1E491F889C8558A68FA274 /* TextEditor */,
				4AB7473BBCA2205430A8A3B6 /* WebViewer */,
			);
			name = Features;
			path = Features;
			sourceTree = "<group>";
		};
		4AB7473BBCA2205430A8A3B6 /* WebViewer */ = {
			isa = PBXGroup;
			children = (
				19954C84AC321B484BDE5889 /* WebViewerView.swift */,
			);
			name = WebViewer;
			path = WebViewer;
			sourceTree = "<group>";
		};
		4B1E491F889C8558A68FA274 /* TextEditor */ = {
			isa = PBXGroup;
			children = (
				B63740BD8C67D634ACDBD936 /* TextEditorView.swift */,
			);
			name = TextEditor;
			path = TextEditor;
			sourceTree = "<group>";
		};
		4F68458496A9F165E58D6377 /* SQLiteViewer */ = {
			isa = PBXGroup;
			children = (
				5016414DA59825056FE7DFA3 /* SQLiteQueryView.swift */,
				798C4352BA38997D05736B7F /* SQLiteTableView.swift */,
				BEE946909B816A051CDAE482 /* SQLiteViewerView.swift */,
			);
			name = SQLiteViewer;
			path = SQLiteViewer;
			sourceTree = "<group>";
		};
		5CA4402689BF1CF257A98B2B /* HexEditor */ = {
			isa = PBXGroup;
			children = (
				27CD4E51973A59B6CCCFC308 /* HexEditorView.swift */,
			);
			name = HexEditor;
			path = HexEditor;
			sourceTree = "<group>";
		};
		6667A38AF948721F0CCDD630 /* Products */ = {
			isa = PBXGroup;
			children = (
				BD4620F3057E1BD9150EFA0F /* Filzer.app */,
			);
			name = Products;
			sourceTree = "<group>";
		};
		72E34982AAD55213796207A2 /* Formatting */ = {
			isa = PBXGroup;
			children = (
				A9A7434E90024D514D931B8E /* ByteCountFormat.swift */,
				5B9945028AA91108805F6363 /* HexFormatting.swift */,
				757447108B6FE97FCE60570F /* POSIXPermissions.swift */,
				2E324A4D907B8FE1C41A09A1 /* UTITypeMapping.swift */,
			);
			name = Formatting;
			path = Formatting;
			sourceTree = "<group>";
		};
		76377231F5C6FEB72D272AFE /* Sources */ = {
			isa = PBXGroup;
			children = (
				28A0496591616788FE98FEB0 /* App */,
				3FF146E3BB5EB6648DDD6306 /* Core */,
				02B04CDDB1E13C19A5A163B9 /* DesignSystem */,
				44384C58905DCA2222A1DDFF /* Features */,
				FC1C4E7D82EEC900ED53F9FC /* Persistence */,
			);
			path = Sources;
			sourceTree = "<group>";
		};
		76CE416C6533EC662BCFE1E7 /* Resources */ = {
			isa = PBXGroup;
			children = (
				26C891F6F7DC49D54C98BAD1 /* Info.plist */,
				69744CBDB37FCD3D2C23AB64 /* Assets.xcassets */,
			);
			path = Resources;
			sourceTree = "<group>";
		};
		78234FCBA4FA8F245E16A2D9 /* Security */ = {
			isa = PBXGroup;
			children = (
				667542D0925B9ADB545BF77B /* BiometricLock.swift */,
				F7EF48AAB1423E79B267A03A /* KeychainStore.swift */,
				34384BC6B15B80423D4014A3 /* SecurityScopedBookmark.swift */,
				22094627BB8B9DFF77118A44 /* PKCE.swift */,
			);
			name = Security;
			path = Security;
			sourceTree = "<group>";
		};
		7CA14246941A6AA65879F0A6 /* Search */ = {
			isa = PBXGroup;
			children = (
				AE8C4AE3B49D12D2916DD7BD /* FileSearchEngine.swift */,
			);
			name = Search;
			path = Search;
			sourceTree = "<group>";
		};
		86FA4402A08705DF7CA7B2C7 /* SQLite */ = {
			isa = PBXGroup;
			children = (
				E2F24E498E26D5EEA5145569 /* SQLiteReader.swift */,
			);
			name = SQLite;
			path = SQLite;
			sourceTree = "<group>";
		};
		8735463E9C21552D88F428D3 /* Browser */ = {
			isa = PBXGroup;
			children = (
				5469472DB1B2480E13D0F201 /* FileBrowserView.swift */,
				CD4B4EB8BBA239463860E5F8 /* FileBrowserViewModel.swift */,
				1D5F495A90F980008B9401F9 /* FileRowContextMenu.swift */,
				40764E5794CD40FCEB1A2EE1 /* FileViewerRoute.swift */,
			);
			name = Browser;
			path = Browser;
			sourceTree = "<group>";
		};
		8CF0492B9CDFB9D88F62A7F3 /* AppInspector */ = {
			isa = PBXGroup;
			children = (
				85F04AB5B6E5C0E8C3FBF098 /* IPAInspectorView.swift */,
				43AC47B090BF9341EC8C03CA /* MobileProvisionView.swift */,
			);
			name = AppInspector;
			path = AppInspector;
			sourceTree = "<group>";
		};
		9455EFF4680CF4F2564A3677 = {
			isa = PBXGroup;
			children = (
				76CE416C6533EC662BCFE1E7 /* Resources */,
				76377231F5C6FEB72D272AFE /* Sources */,
				6667A38AF948721F0CCDD630 /* Products */,
				860C4A5F95CD0393F6B547A1 /* libsqlite3.tbd */,
			);
			sourceTree = "<group>";
		};
		97DE4FE88D689FF5EC1DC7D1 /* FileInfo */ = {
			isa = PBXGroup;
			children = (
				90544E0EB11EADF22262A69E /* FileInfoView.swift */,
				BF924981A3295D9781EBF0D7 /* PermissionsEditorView.swift */,
			);
			name = FileInfo;
			path = FileInfo;
			sourceTree = "<group>";
		};
		A46A47E590A25AE7A3BADE79 /* Sorting */ = {
			isa = PBXGroup;
			children = (
				4AD64404B8D83CD465358E03 /* FileSortDescriptor.swift */,
			);
			name = Sorting;
			path = Sorting;
			sourceTree = "<group>";
		};
		A59240C68339D0CC5ED81CB2 /* ImageViewer */ = {
			isa = PBXGroup;
			children = (
				FA4D426E998A009D3D996FF6 /* ImageViewerView.swift */,
			);
			name = ImageViewer;
			path = ImageViewer;
			sourceTree = "<group>";
		};
		ABF14B4286BFED6C3B817A0F /* FileSystem */ = {
			isa = PBXGroup;
			children = (
				237F4FCFA87842186BCCACED /* DirectoryLister.swift */,
				CDB943F8B191C7675ACA37F4 /* FileNode.swift */,
				7104439C8F285E92FF9527A1 /* FileOperation.swift */,
				C62B4875BFC978514BF0A343 /* FileSystemEngine+Convenience.swift */,
				341143E7A5FBB04DC7C80CD9 /* FileSystemEngine.swift */,
				3EF244468A1452C210D6E125 /* FileSystemError.swift */,
				E035490190121EDD04B11CD8 /* SandboxedFileSystemEngine.swift */,
				856449098EF4ADF6ECC783BF /* SandboxRoots.swift */,
				4DE84ED4804D8F38C53DCCB7 /* ViewerKind.swift */,
			);
			name = FileSystem;
			path = FileSystem;
			sourceTree = "<group>";
		};
		B2904CF18E6388FA45D5E323 /* MediaPlayer */ = {
			isa = PBXGroup;
			children = (
				910B4F2693616A34FD293DAC /* MediaPlayerView.swift */,
			);
			name = MediaPlayer;
			path = MediaPlayer;
			sourceTree = "<group>";
		};
		C5994E75BC25AC1CA49557D6 /* QuickLook */ = {
			isa = PBXGroup;
			children = (
				C4CA42FD92B3216D86D6CC59 /* QuickLookView.swift */,
			);
			name = QuickLook;
			path = QuickLook;
			sourceTree = "<group>";
		};
		C80344BABE83C623A0FDCA0E /* Settings */ = {
			isa = PBXGroup;
			children = (
				62BE4FBABE4320A382D5C8C0 /* AboutView.swift */,
				42B24707861212E55E163A44 /* BackupRestoreView.swift */,
				F4A54A6884CFD5AFDF1DF177 /* FileAssociationsSettingsView.swift */,
				FB7E4409B5929419DCA6D3C2 /* GeneralSettingsView.swift */,
				4B58443B964ED43432576835 /* SecuritySettingsView.swift */,
				DEE74B0D99FE3AB41CC19A20 /* SettingsView.swift */,
			);
			name = Settings;
			path = Settings;
			sourceTree = "<group>";
		};
		DA9B457A81E5002E28F6A829 /* PlistEditor */ = {
			isa = PBXGroup;
			children = (
				796E494D8D498CF65535FEE9 /* PlistEditorView.swift */,
				D0EC4A0199FFF7A8D5497FBA /* PlistNodeRow.swift */,
			);
			name = PlistEditor;
			path = PlistEditor;
			sourceTree = "<group>";
		};
		F02E4D4E858319469867FB3C /* Media */ = {
			isa = PBXGroup;
			children = (
				260C49F3ACF8927B3606BB3B /* MediaMetadataReader.swift */,
			);
			name = Media;
			path = Media;
			sourceTree = "<group>";
		};
		F1654AE6AAFF1EE7C2A85063 /* Archive */ = {
			isa = PBXGroup;
			children = (
				E0FE4323B1878C2CCD34028F /* ArchiveFormat.swift */,
				05A74BE4B7FA9B3A2E1DC5E0 /* ArchiveService.swift */,
				BF83480481F933D28FF2964C /* CompositeArchiveService.swift */,
				58CE460A8E9E25889BFE9E82 /* IPAInspector.swift */,
				C2654DD3AA9772FFB024FFA5 /* RarArchiveService.swift */,
				35944416956E0EE670FDE872 /* SWCompressionArchiveService.swift */,
				C386475388FA3DE49BB060F6 /* ZipArchiveService.swift */,
			);
			name = Archive;
			path = Archive;
			sourceTree = "<group>";
		};
		F60641EABADD37962A002F6E /* PropertyList */ = {
			isa = PBXGroup;
			children = (
				A08D4457AB6736D7BDBC675D /* MobileProvisionParser.swift */,
				50AF4C2BB7ADC62733D6BDB2 /* PlistCodec.swift */,
				37BE472CA702922988307FFE /* PlistNode.swift */,
			);
			name = PropertyList;
			path = PropertyList;
			sourceTree = "<group>";
		};
		FC1C4E7D82EEC900ED53F9FC /* Persistence */ = {
			isa = PBXGroup;
			children = (
				3E8E4A90B25B0B344AAB25D0 /* BookmarksStore.swift */,
				F622448B9C320FBB65A3CE4C /* ClipboardStore.swift */,
				972C44F59047A57A2662C23A /* FileAssociationsStore.swift */,
				20FE4F98BBAD365C5FE9FB40 /* RecentsStore.swift */,
				0BD849A19993601C08EC0C33 /* RemoteConnectionsStore.swift */,
				72414D579CB78EDDEBA96F03 /* SettingsStore.swift */,
			);
			name = Persistence;
			path = Persistence;
			sourceTree = "<group>";
		};
/* End PBXGroup section */

/* Begin PBXNativeTarget section */
		C9A97FB27003369A94B8BD38 /* Filzer */ = {
			isa = PBXNativeTarget;
			buildConfigurationList = A6E0287A5AF452D9BDEA0C51 /* Build configuration list for PBXNativeTarget "Filzer" */;
			buildPhases = (
				57B1D0AB4AAE1F08EF24FF77 /* Frameworks */,
				FCE1402EB0822D29D2AAC883 /* Resources */,
				D71A43A5820010FBA85913B7 /* Sources */,
				98244E8E86D3700D896CE1DD /* Embed Frameworks */,
			);
			buildRules = (
			);
			dependencies = (
			);
			name = Filzer;
			packageProductDependencies = (
				AB24D56658FE65E2F06B97A2 /* PartyUI */,
				E95445BB8F59CF085871BDB6 /* ZIPFoundation */,
				11154EEF9D5BD2B18FF2AF38 /* AMSMB2 */,
				EBC443C9AD548C749C94A069 /* Unrar */,
				7BF849D2942D00FA57C035C8 /* SWCompression */,
			);
			productName = Filzer;
			productReference = BD4620F3057E1BD9150EFA0F /* Filzer.app */;
			productType = "com.apple.product-type.application";
		};
/* End PBXNativeTarget section */

/* Begin PBXProject section */
		96FCAF6102DA046E3921A0BB /* Project object */ = {
			isa = PBXProject;
			attributes = {
				BuildIndependentTargetsInParallel = YES;
				LastUpgradeCheck = 1430;
				TargetAttributes = {
				};
			};
			buildConfigurationList = EAB34A299C16BA3A88AA2607 /* Build configuration list for PBXProject "Filzer" */;
			developmentRegion = en;
			hasScannedForEncodings = 0;
			knownRegions = (
				Base,
				en,
			);
			mainGroup = 9455EFF4680CF4F2564A3677;
			minimizedProjectReferenceProxies = 1;
			packageReferences = (
				4B28834DC7A4F941BBF49213 /* XCRemoteSwiftPackageReference "PartyUI" */,
				740C4B1A819EB36A9C4AAC18 /* XCRemoteSwiftPackageReference "ZIPFoundation" */,
				670045DDAA14FE03DF5CF3ED /* XCRemoteSwiftPackageReference "AMSMB2" */,
				6C534D16B556F0C0BC4C4563 /* XCRemoteSwiftPackageReference "Unrar.swift" */,
				087E4689BA9A708D4508DCA9 /* XCRemoteSwiftPackageReference "SWCompression" */,
				3D0E4414BA5A66B33D2F54D7 /* XCRemoteSwiftPackageReference "BitByteData" */,
			);
			preferredProjectObjectVersion = 77;
			productRefGroup = 6667A38AF948721F0CCDD630 /* Products */;
			projectDirPath = "";
			projectRoot = "";
			targets = (
				C9A97FB27003369A94B8BD38 /* Filzer */,
			);
		};
/* End PBXProject section */

/* Begin PBXResourcesBuildPhase section */
		FCE1402EB0822D29D2AAC883 /* Resources */ = {
			isa = PBXResourcesBuildPhase;
			buildActionMask = 2147483647;
			files = (
				62F3432CA97488EFCD8CADE0 /* Assets.xcassets in Resources */,
			);
			runOnlyForDeploymentPostprocessing = 0;
		};
/* End PBXResourcesBuildPhase section */

/* Begin PBXSourcesBuildPhase section */
		D71A43A5820010FBA85913B7 /* Sources */ = {
			isa = PBXSourcesBuildPhase;
			buildActionMask = 2147483647;
			files = (
				26904AB9989CB8C424CBD5BD /* AppLockGate.swift in Sources */,
				E71343A3804CA7FCDDBCAC74 /* FilzerApp.swift in Sources */,
				67C34A95ADDCE9CCB03C0B41 /* LockScreenView.swift in Sources */,
				1933440F939AD94489A1B34D /* RootBrowserShell.swift in Sources */,
				4E1B4766B4949E3405C150B4 /* ArchiveFormat.swift in Sources */,
				D78942C1B83825CC58774AC6 /* ArchiveService.swift in Sources */,
				6BB744AD842CFCF669BA5091 /* CompositeArchiveService.swift in Sources */,
				CE7E41B1854A27358FCC5922 /* IPAInspector.swift in Sources */,
				EEA2428E99C9B0523AAB3143 /* RarArchiveService.swift in Sources */,
				C741465B8FE955D886B90371 /* SWCompressionArchiveService.swift in Sources */,
				1FBC4C26B4564468EB9263E8 /* ZipArchiveService.swift in Sources */,
				98EB45339EC93365B7C0B90B /* DirectoryLister.swift in Sources */,
				2E7B4D1EB87F4C8978C337CB /* FileNode.swift in Sources */,
				E4BC4D78A9EDF57CA88F0707 /* FileOperation.swift in Sources */,
				05B840F892AC0748E9AB57D1 /* FileSystemEngine+Convenience.swift in Sources */,
				EA49484692A07C4DEB702199 /* FileSystemEngine.swift in Sources */,
				F977470AA977953B94FC6EC9 /* FileSystemError.swift in Sources */,
				156C4E5C8FDAB44AA07BFE81 /* SandboxedFileSystemEngine.swift in Sources */,
				EAFD41C19E94A57E1AB1EC3A /* SandboxRoots.swift in Sources */,
				FBBB4433A705493704A42719 /* ViewerKind.swift in Sources */,
				AE004D0D8D05A4936A34D3BD /* ByteCountFormat.swift in Sources */,
				D9F34B8CB19C2DA437B7B6A2 /* HexFormatting.swift in Sources */,
				118F4A4AB23A869BC1471856 /* POSIXPermissions.swift in Sources */,
				DCA94771AC39E19433646994 /* UTITypeMapping.swift in Sources */,
				6936478796971E4FB9CF3107 /* MediaMetadataReader.swift in Sources */,
				16274D28B792E65975E794ED /* MobileProvisionParser.swift in Sources */,
				0037413BB842C55B7812098E /* PlistCodec.swift in Sources */,
				F21944EDA76AC03411A6F493 /* PlistNode.swift in Sources */,
				522A492F9A156B5904C697DF /* FTPProvider.swift in Sources */,
				DC724861AC5B3789450B7CA5 /* RemoteConnection.swift in Sources */,
				88FE4C5584FE889EB65157F2 /* RemoteFileProvider.swift in Sources */,
				6A1A4A058270738845A73F5C /* RemoteProviderRegistry.swift in Sources */,
				D313498C8670E3122DA8B067 /* RemoteURL.swift in Sources */,
				C951456C97744D4D3B8C1B32 /* SMBProvider.swift in Sources */,
				970748CDA44E534D9989E010 /* WebDAVProvider.swift in Sources */,
				13524D359B1728C47889CA2A /* FileSearchEngine.swift in Sources */,
				C7854BE3983F4EAA47AB6C56 /* BiometricLock.swift in Sources */,
				A8714351A64EDECD1846A476 /* KeychainStore.swift in Sources */,
				ED0B464BA716B91DDE347FBF /* SecurityScopedBookmark.swift in Sources */,
				12E94A9081BD69F5D27E7303 /* FileSortDescriptor.swift in Sources */,
				FEF0450DBBD14CA52A819023 /* SQLiteReader.swift in Sources */,
				775B49FCAF3F77F8C0D4917D /* EmptyStateView.swift in Sources */,
				00DC4E73A7918A5F5FA37CF4 /* ErrorAlertModifier.swift in Sources */,
				ED0C4B73850EA4159DE845E8 /* FileIconView.swift in Sources */,
				C7CB431B841662025528AA63 /* FileRow.swift in Sources */,
				FF0248F7B24091312E9853D1 /* PasteboardBanner.swift in Sources */,
				136247C888BC729709FD0809 /* ShareSheetPresenter.swift in Sources */,
				FB084605B51B3EC2B7A2413A /* Theme.swift in Sources */,
				9FEA4596A8AFE155CC7A1363 /* IPAInspectorView.swift in Sources */,
				0B0E4D9ABA01F6964E112D55 /* MobileProvisionView.swift in Sources */,
				BCB94E0CBBB9CA847CC3D4A8 /* ArchiveBrowserView.swift in Sources */,
				BA50446CAA4B97C938E5963F /* ArchiveNode.swift in Sources */,
				A0B04AF0AB001AC2FFA29FF6 /* BookmarksFlyoutView.swift in Sources */,
				8CDC40D9845E00DB6203E45C /* FileBrowserView.swift in Sources */,
				21C34030980B2A370C773A13 /* FileBrowserViewModel.swift in Sources */,
				668341FAAB82380FEFED3027 /* FileRowContextMenu.swift in Sources */,
				38234B4A96F3DCDD72DCF71C /* FileViewerRoute.swift in Sources */,
				824A412CB0D578773A3D0693 /* AddRemoteLocationView.swift in Sources */,
				EC244D7A9F821AAEC9FE5131 /* DisksFlyoutView.swift in Sources */,
				6E1E47F8A7FBDB723995D632 /* FileInfoView.swift in Sources */,
				ABAC468E91398A1215DFBB64 /* PermissionsEditorView.swift in Sources */,
				17614484938725AA2F15BDCB /* HexEditorView.swift in Sources */,
				92B1466087198293EA125D58 /* ImageViewerView.swift in Sources */,
				47F74198B141EB929AE59DFC /* MediaPlayerView.swift in Sources */,
				2D0D4D97B65ECD185EE86FE5 /* PlistEditorView.swift in Sources */,
				40E945399058BA89F866CD1B /* PlistNodeRow.swift in Sources */,
				C4AD4C08AE6878EDE66EF603 /* QuickLookView.swift in Sources */,
				EAE344B9BD913094910AA9EB /* RecentsFlyoutView.swift in Sources */,
				AF5B40208557E0FACDBE6321 /* AboutView.swift in Sources */,
				BE2E4407A77953DE068E87BE /* BackupRestoreView.swift in Sources */,
				17CE4974A048B8DDC6A6726B /* FileAssociationsSettingsView.swift in Sources */,
				6ACF4D2192A7AE9B199AAA8A /* GeneralSettingsView.swift in Sources */,
				57AC44E398ADF766EB11DFA8 /* SecuritySettingsView.swift in Sources */,
				005647DE93376A073A2CF372 /* SettingsView.swift in Sources */,
				ADCB45BF96B7BC943B67CBF5 /* SQLiteQueryView.swift in Sources */,
				523F4810B3A55D46A091325D /* SQLiteTableView.swift in Sources */,
				29BD438F825983E3D282E308 /* SQLiteViewerView.swift in Sources */,
				DE3E47F6B950455103DD9F43 /* TextEditorView.swift in Sources */,
				1AC14F1EBDCD0996DDF5C9FB /* WebViewerView.swift in Sources */,
				4DAF46069BDA4231D216CBD1 /* BookmarksStore.swift in Sources */,
				C3DA49E499A7AF400C4DDA8D /* ClipboardStore.swift in Sources */,
				A1DF4A9E8D64A005663AC0BE /* FileAssociationsStore.swift in Sources */,
				EF4F423480DE90EEE8603B85 /* RecentsStore.swift in Sources */,
				D3AB4F03B9E52FCAF0AAD869 /* RemoteConnectionsStore.swift in Sources */,
				8B71400E81A805FFF8A29CD8 /* SettingsStore.swift in Sources */,
				D08C465BBE1D595E019CFA1B /* OAuthAuthorizationSession.swift in Sources */,
				33C3438BBBE201E01569925D /* OAuthClient.swift in Sources */,
				EF824EE7A65775A2AF1B36F6 /* OAuthTokenStore.swift in Sources */,
				BF564C1CB90837FBCB3FAD9E /* DropboxProvider.swift in Sources */,
				C50747E69BB0DA4BE36668A3 /* OneDriveProvider.swift in Sources */,
				B0B6465E948D9668C389C868 /* GoogleDriveProvider.swift in Sources */,
				9A0D4723937E545E56C48204 /* PKCE.swift in Sources */,
				53874C31804BB68632418186 /* AddBookmarkView.swift in Sources */,
			);
			runOnlyForDeploymentPostprocessing = 0;
		};
/* End PBXSourcesBuildPhase section */

/* Begin XCBuildConfiguration section */
		104F4DB6E58E73808CE3DC0D /* Release */ = {
			isa = XCBuildConfiguration;
			buildSettings = {
				ALWAYS_SEARCH_USER_PATHS = NO;
				CLANG_ANALYZER_NONNULL = YES;
				CLANG_ANALYZER_NUMBER_OBJECT_CONVERSION = YES_AGGRESSIVE;
				CLANG_CXX_LANGUAGE_STANDARD = "gnu++14";
				CLANG_CXX_LIBRARY = "libc++";
				CLANG_ENABLE_MODULES = YES;
				CLANG_ENABLE_OBJC_ARC = YES;
				CLANG_ENABLE_OBJC_WEAK = YES;
				CLANG_WARN_BLOCK_CAPTURE_AUTORELEASING = YES;
				CLANG_WARN_BOOL_CONVERSION = YES;
				CLANG_WARN_COMMA = YES;
				CLANG_WARN_CONSTANT_CONVERSION = YES;
				CLANG_WARN_DEPRECATED_OBJC_IMPLEMENTATIONS = YES;
				CLANG_WARN_DIRECT_OBJC_ISA_USAGE = YES_ERROR;
				CLANG_WARN_DOCUMENTATION_COMMENTS = YES;
				CLANG_WARN_EMPTY_BODY = YES;
				CLANG_WARN_ENUM_CONVERSION = YES;
				CLANG_WARN_INFINITE_RECURSION = YES;
				CLANG_WARN_INT_CONVERSION = YES;
				CLANG_WARN_NON_LITERAL_NULL_CONVERSION = YES;
				CLANG_WARN_OBJC_IMPLICIT_RETAIN_SELF = YES;
				CLANG_WARN_OBJC_LITERAL_CONVERSION = YES;
				CLANG_WARN_OBJC_ROOT_CLASS = YES_ERROR;
				CLANG_WARN_QUOTED_INCLUDE_IN_FRAMEWORK_HEADER = YES;
				CLANG_WARN_RANGE_LOOP_ANALYSIS = YES;
				CLANG_WARN_STRICT_PROTOTYPES = YES;
				CLANG_WARN_SUSPICIOUS_MOVE = YES;
				CLANG_WARN_UNGUARDED_AVAILABILITY = YES_AGGRESSIVE;
				CLANG_WARN_UNREACHABLE_CODE = YES;
				CLANG_WARN__DUPLICATE_METHOD_MATCH = YES;
				COPY_PHASE_STRIP = NO;
				DEBUG_INFORMATION_FORMAT = "dwarf-with-dsym";
				ENABLE_NS_ASSERTIONS = NO;
				ENABLE_STRICT_OBJC_MSGSEND = YES;
				GCC_C_LANGUAGE_STANDARD = gnu11;
				GCC_NO_COMMON_BLOCKS = YES;
				GCC_WARN_64_TO_32_BIT_CONVERSION = YES;
				GCC_WARN_ABOUT_RETURN_TYPE = YES_ERROR;
				GCC_WARN_UNDECLARED_SELECTOR = YES;
				GCC_WARN_UNINITIALIZED_AUTOS = YES_AGGRESSIVE;
				GCC_WARN_UNUSED_FUNCTION = YES;
				GCC_WARN_UNUSED_VARIABLE = YES;
				IPHONEOS_DEPLOYMENT_TARGET = 15.0;
				MTL_ENABLE_DEBUG_INFO = NO;
				MTL_FAST_MATH = YES;
				PRODUCT_NAME = "$(TARGET_NAME)";
				SDKROOT = iphoneos;
				SWIFT_COMPILATION_MODE = wholemodule;
				SWIFT_OPTIMIZATION_LEVEL = "-O";
				SWIFT_VERSION = 5.0;
			};
			name = Release;
		};
		44B7CF23E2E61A32CC644912 /* Debug */ = {
			isa = XCBuildConfiguration;
			buildSettings = {
				ASSETCATALOG_COMPILER_APPICON_NAME = AppIcon;
				ASSETCATALOG_COMPILER_GLOBAL_ACCENT_COLOR_NAME = AccentColor;
				CODE_SIGN_IDENTITY = "iPhone Developer";
				INFOPLIST_FILE = Resources/Info.plist;
				IPHONEOS_DEPLOYMENT_TARGET = 15.0;
				LD_RUNPATH_SEARCH_PATHS = (
					"$(inherited)",
					"@executable_path/Frameworks",
				);
				PRODUCT_BUNDLE_IDENTIFIER = com.guy.filzer;
				SDKROOT = iphoneos;
				SWIFT_VERSION = 5.0;
				TARGETED_DEVICE_FAMILY = "1,2";
			};
			name = Debug;
		};
		4E4C3E8D0A952128825B3EE3 /* Release */ = {
			isa = XCBuildConfiguration;
			buildSettings = {
				ASSETCATALOG_COMPILER_APPICON_NAME = AppIcon;
				ASSETCATALOG_COMPILER_GLOBAL_ACCENT_COLOR_NAME = AccentColor;
				CODE_SIGN_IDENTITY = "iPhone Developer";
				INFOPLIST_FILE = Resources/Info.plist;
				IPHONEOS_DEPLOYMENT_TARGET = 15.0;
				LD_RUNPATH_SEARCH_PATHS = (
					"$(inherited)",
					"@executable_path/Frameworks",
				);
				PRODUCT_BUNDLE_IDENTIFIER = com.guy.filzer;
				SDKROOT = iphoneos;
				SWIFT_VERSION = 5.0;
				TARGETED_DEVICE_FAMILY = "1,2";
			};
			name = Release;
		};
		A3EC97059A3DD640DFA7B66F /* Debug */ = {
			isa = XCBuildConfiguration;
			buildSettings = {
				ALWAYS_SEARCH_USER_PATHS = NO;
				CLANG_ANALYZER_NONNULL = YES;
				CLANG_ANALYZER_NUMBER_OBJECT_CONVERSION = YES_AGGRESSIVE;
				CLANG_CXX_LANGUAGE_STANDARD = "gnu++14";
				CLANG_CXX_LIBRARY = "libc++";
				CLANG_ENABLE_MODULES = YES;
				CLANG_ENABLE_OBJC_ARC = YES;
				CLANG_ENABLE_OBJC_WEAK = YES;
				CLANG_WARN_BLOCK_CAPTURE_AUTORELEASING = YES;
				CLANG_WARN_BOOL_CONVERSION = YES;
				CLANG_WARN_COMMA = YES;
				CLANG_WARN_CONSTANT_CONVERSION = YES;
				CLANG_WARN_DEPRECATED_OBJC_IMPLEMENTATIONS = YES;
				CLANG_WARN_DIRECT_OBJC_ISA_USAGE = YES_ERROR;
				CLANG_WARN_DOCUMENTATION_COMMENTS = YES;
				CLANG_WARN_EMPTY_BODY = YES;
				CLANG_WARN_ENUM_CONVERSION = YES;
				CLANG_WARN_INFINITE_RECURSION = YES;
				CLANG_WARN_INT_CONVERSION = YES;
				CLANG_WARN_NON_LITERAL_NULL_CONVERSION = YES;
				CLANG_WARN_OBJC_IMPLICIT_RETAIN_SELF = YES;
				CLANG_WARN_OBJC_LITERAL_CONVERSION = YES;
				CLANG_WARN_OBJC_ROOT_CLASS = YES_ERROR;
				CLANG_WARN_QUOTED_INCLUDE_IN_FRAMEWORK_HEADER = YES;
				CLANG_WARN_RANGE_LOOP_ANALYSIS = YES;
				CLANG_WARN_STRICT_PROTOTYPES = YES;
				CLANG_WARN_SUSPICIOUS_MOVE = YES;
				CLANG_WARN_UNGUARDED_AVAILABILITY = YES_AGGRESSIVE;
				CLANG_WARN_UNREACHABLE_CODE = YES;
				CLANG_WARN__DUPLICATE_METHOD_MATCH = YES;
				COPY_PHASE_STRIP = NO;
				DEBUG_INFORMATION_FORMAT = dwarf;
				ENABLE_STRICT_OBJC_MSGSEND = YES;
				ENABLE_TESTABILITY = YES;
				GCC_C_LANGUAGE_STANDARD = gnu11;
				GCC_DYNAMIC_NO_PIC = NO;
				GCC_NO_COMMON_BLOCKS = YES;
				GCC_OPTIMIZATION_LEVEL = 0;
				GCC_PREPROCESSOR_DEFINITIONS = (
					"$(inherited)",
					"DEBUG=1",
				);
				GCC_WARN_64_TO_32_BIT_CONVERSION = YES;
				GCC_WARN_ABOUT_RETURN_TYPE = YES_ERROR;
				GCC_WARN_UNDECLARED_SELECTOR = YES;
				GCC_WARN_UNINITIALIZED_AUTOS = YES_AGGRESSIVE;
				GCC_WARN_UNUSED_FUNCTION = YES;
				GCC_WARN_UNUSED_VARIABLE = YES;
				IPHONEOS_DEPLOYMENT_TARGET = 15.0;
				MTL_ENABLE_DEBUG_INFO = INCLUDE_SOURCE;
				MTL_FAST_MATH = YES;
				ONLY_ACTIVE_ARCH = YES;
				PRODUCT_NAME = "$(TARGET_NAME)";
				SDKROOT = iphoneos;
				SWIFT_ACTIVE_COMPILATION_CONDITIONS = DEBUG;
				SWIFT_OPTIMIZATION_LEVEL = "-Onone";
				SWIFT_VERSION = 5.0;
			};
			name = Debug;
		};
/* End XCBuildConfiguration section */

/* Begin XCConfigurationList section */
		A6E0287A5AF452D9BDEA0C51 /* Build configuration list for PBXNativeTarget "Filzer" */ = {
			isa = XCConfigurationList;
			buildConfigurations = (
				44B7CF23E2E61A32CC644912 /* Debug */,
				4E4C3E8D0A952128825B3EE3 /* Release */,
			);
			defaultConfigurationIsVisible = 0;
			defaultConfigurationName = Debug;
		};
		EAB34A299C16BA3A88AA2607 /* Build configuration list for PBXProject "Filzer" */ = {
			isa = XCConfigurationList;
			buildConfigurations = (
				A3EC97059A3DD640DFA7B66F /* Debug */,
				104F4DB6E58E73808CE3DC0D /* Release */,
			);
			defaultConfigurationIsVisible = 0;
			defaultConfigurationName = Debug;
		};
/* End XCConfigurationList section */

/* Begin XCRemoteSwiftPackageReference section */
		087E4689BA9A708D4508DCA9 /* XCRemoteSwiftPackageReference "SWCompression" */ = {
			isa = XCRemoteSwiftPackageReference;
			repositoryURL = "https://github.com/tsolomko/SWCompression.git";
			requirement = {
				kind = exactVersion;
				version = 4.8.6;
			};
		};
		3D0E4414BA5A66B33D2F54D7 /* XCRemoteSwiftPackageReference "BitByteData" */ = {
			isa = XCRemoteSwiftPackageReference;
			repositoryURL = "https://github.com/tsolomko/BitByteData";
			requirement = {
				kind = upToNextMinorVersion;
				minimumVersion = 2.0.2;
			};
		};
		4B28834DC7A4F941BBF49213 /* XCRemoteSwiftPackageReference "PartyUI" */ = {
			isa = XCRemoteSwiftPackageReference;
			repositoryURL = "https://github.com/jailbreakdotparty/PartyUI.git";
			requirement = {
				kind = upToNextMajorVersion;
				minimumVersion = 1.2.1;
			};
		};
		670045DDAA14FE03DF5CF3ED /* XCRemoteSwiftPackageReference "AMSMB2" */ = {
			isa = XCRemoteSwiftPackageReference;
			repositoryURL = "https://github.com/amosavian/AMSMB2.git";
			requirement = {
				kind = upToNextMajorVersion;
				minimumVersion = 4.0.3;
			};
		};
		6C534D16B556F0C0BC4C4563 /* XCRemoteSwiftPackageReference "Unrar.swift" */ = {
			isa = XCRemoteSwiftPackageReference;
			repositoryURL = "https://github.com/mtgto/Unrar.swift.git";
			requirement = {
				kind = upToNextMajorVersion;
				minimumVersion = 0.5.4;
			};
		};
		740C4B1A819EB36A9C4AAC18 /* XCRemoteSwiftPackageReference "ZIPFoundation" */ = {
			isa = XCRemoteSwiftPackageReference;
			repositoryURL = "https://github.com/weichsel/ZIPFoundation.git";
			requirement = {
				kind = upToNextMajorVersion;
				minimumVersion = 0.9.20;
			};
		};
/* End XCRemoteSwiftPackageReference section */

/* Begin XCSwiftPackageProductDependency section */
		11154EEF9D5BD2B18FF2AF38 /* AMSMB2 */ = {
			isa = XCSwiftPackageProductDependency;
			package = 670045DDAA14FE03DF5CF3ED /* XCRemoteSwiftPackageReference "AMSMB2" */;
			productName = AMSMB2;
		};
		7BF849D2942D00FA57C035C8 /* SWCompression */ = {
			isa = XCSwiftPackageProductDependency;
			package = 087E4689BA9A708D4508DCA9 /* XCRemoteSwiftPackageReference "SWCompression" */;
			productName = SWCompression;
		};
		AB24D56658FE65E2F06B97A2 /* PartyUI */ = {
			isa = XCSwiftPackageProductDependency;
			package = 4B28834DC7A4F941BBF49213 /* XCRemoteSwiftPackageReference "PartyUI" */;
			productName = PartyUI;
		};
		E95445BB8F59CF085871BDB6 /* ZIPFoundation */ = {
			isa = XCSwiftPackageProductDependency;
			package = 740C4B1A819EB36A9C4AAC18 /* XCRemoteSwiftPackageReference "ZIPFoundation" */;
			productName = ZIPFoundation;
		};
		EBC443C9AD548C749C94A069 /* Unrar */ = {
			isa = XCSwiftPackageProductDependency;
			package = 6C534D16B556F0C0BC4C4563 /* XCRemoteSwiftPackageReference "Unrar.swift" */;
			productName = Unrar;
		};
/* End XCSwiftPackageProductDependency section */
	};
	rootObject = 96FCAF6102DA046E3921A0BB /* Project object */;
}
